
Microsoft Visual Studio Solution File, Format Version 12.00
# Visual Studio 15
VisualStudioVersion = 15.0.27428.2037
MinimumVisualStudioVersion = 10.0.40219.1
Project("{FAE04EC0-301F-11D3-BF4B-00C04F79EFBC}") = "ConsoleApp1", "ConsoleApp1\ConsoleApp1.csproj", "{C4356A2B-B43D-499B-8249-C16C8D0DFF67}"
EndProject
Project("{FAE04EC0-301F-11D3-BF4B-00C04F79EFBC}") = "ConsoleApp2", "ConsoleApp2\ConsoleApp2.csproj", "{3CD4DE2B-C816-4247-A6D4-699D33A68C32}"
EndProject
Project("{FAE04EC0-301F-11D3-BF4B-00C04F79EFBC}") = "ConsoleApp3", "ConsoleApp3\ConsoleApp3.csproj", "{7BEC98D1-CF9D-4A72-AC13-417D6C5CD381}"
EndProject
Project("{FAE04EC0-301F-11D3-BF4B-00C04F79EFBC}") = "ConsoleApp4", "ConsoleApp4\ConsoleApp4.csproj", "{0649F37E-0C1A-4948-B3E7-1D340060FF99}"
EndProject
Project("{FAE04EC0-301F-11D3-BF4B-00C04F79EFBC}") = "ConsoleApp5", "ConsoleApp5\ConsoleApp5.csproj", "{D0844491-0357-4586-AF90-4059E2B51F02}"
EndProject
Global
	GlobalSection(SolutionConfigurationPlatforms) = preSolution
		Debug|Any CPU = Debug|Any CPU
		Release|Any CPU = Release|Any CPU
	EndGlobalSection
	GlobalSection(ProjectConfigurationPlatforms) = postSolution
		{C4356A2B-B43D-499B-8249-C16C8D0DFF67}.Debug|Any CPU.ActiveCfg = Debug|Any CPU
		{C4356A2B-B43D-499B-8249-C16C8D0DFF67}.Debug|Any CPU.Build.0 = Debug|Any CPU
		{C4356A2B-B43D-499B-8249-C16C8D0DFF67}.Release|Any CPU.ActiveCfg = Release|Any CPU
		{C4356A2B-B43D-499B-8249-C16C8D0DFF67}.Release|Any CPU.Build.0 = Release|Any CPU
		{3CD4DE2B-C816-4247-A6D4-699D33A68C32}.Debug|Any CPU.ActiveCfg = Debug|Any CPU
		{3CD4DE2B-C816-4247-A6D4-699D33A68C32}.Debug|Any CPU.Build.0 = Debug|Any CPU
		{3CD4DE2B-C816-4247-A6D4-699D33A68C32}.Release|Any CPU.ActiveCfg = Release|Any CPU
		{3CD4DE2B-C816-4247-A6D4-699D33A68C32}.Release|Any CPU.Build.0 = Release|Any CPU
		{7BEC98D1-CF9D-4A72-AC13-417D6C5CD381}.Debug|Any CPU.ActiveCfg = Debug|Any CPU
		{7BEC98D1-CF9D-4A72-AC13-417D6C5CD381}.Debug|Any CPU.Build.0 = Debug|Any CPU
		{7BEC98D1-CF9D-4A72-AC13-417D6C5CD381}.Release|Any CPU.ActiveCfg = Release|Any CPU
		{7BEC98D1-CF9D-4A72-AC13-417D6C5CD381}.Release|Any CPU.Build.0 = Release|Any CPU
		{0649F37E-0C1A-4948-B3E7-1D340060FF99}.Debug|Any CPU.ActiveCfg = Debug|Any CPU
		{0649F37E-0C1A-4948-B3E7-1D340060FF99}.Debug|Any CPU.Build.0 = Debug|Any CPU
		{0649F37E-0C1A-4948-B3E7-1D340060FF99}.Release|Any CPU.ActiveCfg = Release|Any CPU
		{0649F37E-0C1A-4948-B3E7-1D340060FF99}.Release|Any CPU.Build.0 = Release|Any CPU
		{D0844491-0357-4586-AF90-4059E2B51F02}.Debug|Any CPU.ActiveCfg = Debug|Any CPU
		{D0844491-0357-4586-AF90-4059E2B51F02}.Debug|Any CPU.Build.0 = Debug|Any CPU
		{D0844491-0357-4586-AF90-4059E2B51F02}.Release|Any CPU.ActiveCfg = Release|Any CPU
		{D0844491-0357-4586-AF90-4059E2B51F02}.Release|Any CPU.Build.0 = Release|Any CPU
	EndGlobalSection
	GlobalSection(SolutionProperties) = preSolution
		HideSolutionNode = FALSE
	EndGlobalSection
	GlobalSection(ExtensibilityGlobals) = postSolution
		SolutionGuid = {ADF5CE0D-89CC-47A7-96B8-528D0470F656}
	EndGlobalSection
EndGlobal
